
Microsoft Visual Studio Solution File, Format Version 12.00
# Visual Studio Version 17
VisualStudioVersion = 17.9.34622.214
MinimumVisualStudioVersion = 10.0.40219.1
Project("{FAE04EC0-301F-11D3-BF4B-00C04F79EFBC}") = "scriptManager", "scriptManager.csproj", "{069DEF76-AC45-4FF5-8989-EEB399FE2993}"
EndProject
Global
	GlobalSection(SolutionConfigurationPlatforms) = preSolution
		Debug|Any CPU = Debug|Any CPU
		Release|Any CPU = Release|Any CPU
	EndGlobalSection
	GlobalSection(ProjectConfigurationPlatforms) = postSolution
		{069DEF76-AC45-4FF5-8989-EEB399FE2993}.Debug|Any CPU.ActiveCfg = Debug|Any CPU
		{069DEF76-AC45-4FF5-8989-EEB399FE2993}.Debug|Any CPU.Build.0 = Debug|Any CPU
		{069DEF76-AC45-4FF5-8989-EEB399FE2993}.Release|Any CPU.ActiveCfg = Release|Any CPU
		{069DEF76-AC45-4FF5-8989-EEB399FE2993}.Release|Any CPU.Build.0 = Release|Any CPU
	EndGlobalSection
	GlobalSection(SolutionProperties) = preSolution
		HideSolutionNode = FALSE
	EndGlobalSection
	GlobalSection(ExtensibilityGlobals) = postSolution
		SolutionGuid = {26651773-C6E1-4A67-9229-3D7C44FDDF5A}
	EndGlobalSection
EndGlobal
