
Microsoft Visual Studio Solution File, Format Version 12.00
# Visual Studio Version 17
VisualStudioVersion = 17.9.34622.214
MinimumVisualStudioVersion = 10.0.40219.1
Project("{FAE04EC0-301F-11D3-BF4B-00C04F79EFBC}") = "cookies", "cookies.csproj", "{EF01C297-177F-4E68-8E21-5CA690417759}"
EndProject
Global
	GlobalSection(SolutionConfigurationPlatforms) = preSolution
		Debug|Any CPU = Debug|Any CPU
		Release|Any CPU = Release|Any CPU
	EndGlobalSection
	GlobalSection(ProjectConfigurationPlatforms) = postSolution
		{EF01C297-177F-4E68-8E21-5CA690417759}.Debug|Any CPU.ActiveCfg = Debug|Any CPU
		{EF01C297-177F-4E68-8E21-5CA690417759}.Debug|Any CPU.Build.0 = Debug|Any CPU
		{EF01C297-177F-4E68-8E21-5CA690417759}.Release|Any CPU.ActiveCfg = Release|Any CPU
		{EF01C297-177F-4E68-8E21-5CA690417759}.Release|Any CPU.Build.0 = Release|Any CPU
	EndGlobalSection
	GlobalSection(SolutionProperties) = preSolution
		HideSolutionNode = FALSE
	EndGlobalSection
	GlobalSection(ExtensibilityGlobals) = postSolution
		SolutionGuid = {86D74A59-E987-462B-ADE8-8E6AE8DEF3B9}
	EndGlobalSection
EndGlobal
