
Microsoft Visual Studio Solution File, Format Version 12.00
# Visual Studio Version 17
VisualStudioVersion = 17.9.34622.214
MinimumVisualStudioVersion = 10.0.40219.1
Project("{FAE04EC0-301F-11D3-BF4B-00C04F79EFBC}") = "sessionRedir", "sessionRedir.csproj", "{20C9BB7B-21BC-4D6A-8C00-8264A93815BC}"
EndProject
Global
	GlobalSection(SolutionConfigurationPlatforms) = preSolution
		Debug|Any CPU = Debug|Any CPU
		Release|Any CPU = Release|Any CPU
	EndGlobalSection
	GlobalSection(ProjectConfigurationPlatforms) = postSolution
		{20C9BB7B-21BC-4D6A-8C00-8264A93815BC}.Debug|Any CPU.ActiveCfg = Debug|Any CPU
		{20C9BB7B-21BC-4D6A-8C00-8264A93815BC}.Debug|Any CPU.Build.0 = Debug|Any CPU
		{20C9BB7B-21BC-4D6A-8C00-8264A93815BC}.Release|Any CPU.ActiveCfg = Release|Any CPU
		{20C9BB7B-21BC-4D6A-8C00-8264A93815BC}.Release|Any CPU.Build.0 = Release|Any CPU
	EndGlobalSection
	GlobalSection(SolutionProperties) = preSolution
		HideSolutionNode = FALSE
	EndGlobalSection
	GlobalSection(ExtensibilityGlobals) = postSolution
		SolutionGuid = {4B9512FD-706B-4119-8248-2AFC9D7FB8E4}
	EndGlobalSection
EndGlobal
