
Microsoft Visual Studio Solution File, Format Version 12.00
# Visual Studio Version 17
VisualStudioVersion = 17.9.34622.214
MinimumVisualStudioVersion = 10.0.40219.1
Project("{FAE04EC0-301F-11D3-BF4B-00C04F79EFBC}") = "sessionState", "sessionState.csproj", "{EB23E098-EF65-45ED-8687-00780DACC53C}"
EndProject
Global
	GlobalSection(SolutionConfigurationPlatforms) = preSolution
		Debug|Any CPU = Debug|Any CPU
		Release|Any CPU = Release|Any CPU
	EndGlobalSection
	GlobalSection(ProjectConfigurationPlatforms) = postSolution
		{EB23E098-EF65-45ED-8687-00780DACC53C}.Debug|Any CPU.ActiveCfg = Debug|Any CPU
		{EB23E098-EF65-45ED-8687-00780DACC53C}.Debug|Any CPU.Build.0 = Debug|Any CPU
		{EB23E098-EF65-45ED-8687-00780DACC53C}.Release|Any CPU.ActiveCfg = Release|Any CPU
		{EB23E098-EF65-45ED-8687-00780DACC53C}.Release|Any CPU.Build.0 = Release|Any CPU
	EndGlobalSection
	GlobalSection(SolutionProperties) = preSolution
		HideSolutionNode = FALSE
	EndGlobalSection
	GlobalSection(ExtensibilityGlobals) = postSolution
		SolutionGuid = {77B22A92-A0AD-403A-BBA8-B325D190B17B}
	EndGlobalSection
EndGlobal
