
Microsoft Visual Studio Solution File, Format Version 12.00
# Visual Studio Version 17
VisualStudioVersion = 17.9.34622.214
MinimumVisualStudioVersion = 10.0.40219.1
Project("{FAE04EC0-301F-11D3-BF4B-00C04F79EFBC}") = "breakStatement", "breakStatement.csproj", "{2AF22BDF-3858-4727-BC26-DFCE7FCB4C2C}"
EndProject
Global
	GlobalSection(SolutionConfigurationPlatforms) = preSolution
		Debug|Any CPU = Debug|Any CPU
		Release|Any CPU = Release|Any CPU
	EndGlobalSection
	GlobalSection(ProjectConfigurationPlatforms) = postSolution
		{2AF22BDF-3858-4727-BC26-DFCE7FCB4C2C}.Debug|Any CPU.ActiveCfg = Debug|Any CPU
		{2AF22BDF-3858-4727-BC26-DFCE7FCB4C2C}.Debug|Any CPU.Build.0 = Debug|Any CPU
		{2AF22BDF-3858-4727-BC26-DFCE7FCB4C2C}.Release|Any CPU.ActiveCfg = Release|Any CPU
		{2AF22BDF-3858-4727-BC26-DFCE7FCB4C2C}.Release|Any CPU.Build.0 = Release|Any CPU
	EndGlobalSection
	GlobalSection(SolutionProperties) = preSolution
		HideSolutionNode = FALSE
	EndGlobalSection
	GlobalSection(ExtensibilityGlobals) = postSolution
		SolutionGuid = {570C33E6-D5B6-412E-BEFA-43855BAD9AE3}
	EndGlobalSection
EndGlobal
