
Microsoft Visual Studio Solution File, Format Version 12.00
# Visual Studio Version 17
VisualStudioVersion = 17.9.34622.214
MinimumVisualStudioVersion = 10.0.40219.1
Project("{FAE04EC0-301F-11D3-BF4B-00C04F79EFBC}") = "WebApplication1", "WebApplication1.csproj", "{EAB930E6-16D2-4E51-85C3-386BE61467E7}"
EndProject
Global
	GlobalSection(SolutionConfigurationPlatforms) = preSolution
		Debug|Any CPU = Debug|Any CPU
		Release|Any CPU = Release|Any CPU
	EndGlobalSection
	GlobalSection(ProjectConfigurationPlatforms) = postSolution
		{EAB930E6-16D2-4E51-85C3-386BE61467E7}.Debug|Any CPU.ActiveCfg = Debug|Any CPU
		{EAB930E6-16D2-4E51-85C3-386BE61467E7}.Debug|Any CPU.Build.0 = Debug|Any CPU
		{EAB930E6-16D2-4E51-85C3-386BE61467E7}.Release|Any CPU.ActiveCfg = Release|Any CPU
		{EAB930E6-16D2-4E51-85C3-386BE61467E7}.Release|Any CPU.Build.0 = Release|Any CPU
	EndGlobalSection
	GlobalSection(SolutionProperties) = preSolution
		HideSolutionNode = FALSE
	EndGlobalSection
	GlobalSection(ExtensibilityGlobals) = postSolution
		SolutionGuid = {32FBB66B-DDA3-4E2D-84C9-60A0D5081E82}
	EndGlobalSection
EndGlobal
