
Microsoft Visual Studio Solution File, Format Version 12.00
# Visual Studio Version 17
VisualStudioVersion = 17.9.34622.214
MinimumVisualStudioVersion = 10.0.40219.1
Project("{FAE04EC0-301F-11D3-BF4B-00C04F79EFBC}") = "inheritance", "inheritance.csproj", "{17E47036-388E-412A-AC1F-4D9A35EED2BD}"
EndProject
Global
	GlobalSection(SolutionConfigurationPlatforms) = preSolution
		Debug|Any CPU = Debug|Any CPU
		Release|Any CPU = Release|Any CPU
	EndGlobalSection
	GlobalSection(ProjectConfigurationPlatforms) = postSolution
		{17E47036-388E-412A-AC1F-4D9A35EED2BD}.Debug|Any CPU.ActiveCfg = Debug|Any CPU
		{17E47036-388E-412A-AC1F-4D9A35EED2BD}.Debug|Any CPU.Build.0 = Debug|Any CPU
		{17E47036-388E-412A-AC1F-4D9A35EED2BD}.Release|Any CPU.ActiveCfg = Release|Any CPU
		{17E47036-388E-412A-AC1F-4D9A35EED2BD}.Release|Any CPU.Build.0 = Release|Any CPU
	EndGlobalSection
	GlobalSection(SolutionProperties) = preSolution
		HideSolutionNode = FALSE
	EndGlobalSection
	GlobalSection(ExtensibilityGlobals) = postSolution
		SolutionGuid = {581720AB-AB2D-4443-B27B-0BF6832B1805}
	EndGlobalSection
EndGlobal
