
Microsoft Visual Studio Solution File, Format Version 12.00
# Visual Studio Version 17
VisualStudioVersion = 17.9.34622.214
MinimumVisualStudioVersion = 10.0.40219.1
Project("{FAE04EC0-301F-11D3-BF4B-00C04F79EFBC}") = "palindrom", "palindrom.csproj", "{D0278641-2819-490A-B612-C143E3EACF74}"
EndProject
Global
	GlobalSection(SolutionConfigurationPlatforms) = preSolution
		Debug|Any CPU = Debug|Any CPU
		Release|Any CPU = Release|Any CPU
	EndGlobalSection
	GlobalSection(ProjectConfigurationPlatforms) = postSolution
		{D0278641-2819-490A-B612-C143E3EACF74}.Debug|Any CPU.ActiveCfg = Debug|Any CPU
		{D0278641-2819-490A-B612-C143E3EACF74}.Debug|Any CPU.Build.0 = Debug|Any CPU
		{D0278641-2819-490A-B612-C143E3EACF74}.Release|Any CPU.ActiveCfg = Release|Any CPU
		{D0278641-2819-490A-B612-C143E3EACF74}.Release|Any CPU.Build.0 = Release|Any CPU
	EndGlobalSection
	GlobalSection(SolutionProperties) = preSolution
		HideSolutionNode = FALSE
	EndGlobalSection
	GlobalSection(ExtensibilityGlobals) = postSolution
		SolutionGuid = {C313043D-C3BD-4C8C-8558-8314555C3BAB}
	EndGlobalSection
EndGlobal
