
Microsoft Visual Studio Solution File, Format Version 12.00
# Visual Studio Version 17
VisualStudioVersion = 17.9.34622.214
MinimumVisualStudioVersion = 10.0.40219.1
Project("{FAE04EC0-301F-11D3-BF4B-00C04F79EFBC}") = "applicationState", "applicationState.csproj", "{814CE719-AEC6-4810-85BE-4D81CE9735E2}"
EndProject
Global
	GlobalSection(SolutionConfigurationPlatforms) = preSolution
		Debug|Any CPU = Debug|Any CPU
		Release|Any CPU = Release|Any CPU
	EndGlobalSection
	GlobalSection(ProjectConfigurationPlatforms) = postSolution
		{814CE719-AEC6-4810-85BE-4D81CE9735E2}.Debug|Any CPU.ActiveCfg = Debug|Any CPU
		{814CE719-AEC6-4810-85BE-4D81CE9735E2}.Debug|Any CPU.Build.0 = Debug|Any CPU
		{814CE719-AEC6-4810-85BE-4D81CE9735E2}.Release|Any CPU.ActiveCfg = Release|Any CPU
		{814CE719-AEC6-4810-85BE-4D81CE9735E2}.Release|Any CPU.Build.0 = Release|Any CPU
	EndGlobalSection
	GlobalSection(SolutionProperties) = preSolution
		HideSolutionNode = FALSE
	EndGlobalSection
	GlobalSection(ExtensibilityGlobals) = postSolution
		SolutionGuid = {1AB58159-84ED-4B0B-BE27-A77ED648EA9D}
	EndGlobalSection
EndGlobal
