
Microsoft Visual Studio Solution File, Format Version 12.00
# Visual Studio Version 17
VisualStudioVersion = 17.9.34622.214
MinimumVisualStudioVersion = 10.0.40219.1
Project("{FAE04EC0-301F-11D3-BF4B-00C04F79EFBC}") = "tempreture", "tempreture.csproj", "{AC98DE44-C19E-4DF8-A55E-7F97DBFBB22D}"
EndProject
Global
	GlobalSection(SolutionConfigurationPlatforms) = preSolution
		Debug|Any CPU = Debug|Any CPU
		Release|Any CPU = Release|Any CPU
	EndGlobalSection
	GlobalSection(ProjectConfigurationPlatforms) = postSolution
		{AC98DE44-C19E-4DF8-A55E-7F97DBFBB22D}.Debug|Any CPU.ActiveCfg = Debug|Any CPU
		{AC98DE44-C19E-4DF8-A55E-7F97DBFBB22D}.Debug|Any CPU.Build.0 = Debug|Any CPU
		{AC98DE44-C19E-4DF8-A55E-7F97DBFBB22D}.Release|Any CPU.ActiveCfg = Release|Any CPU
		{AC98DE44-C19E-4DF8-A55E-7F97DBFBB22D}.Release|Any CPU.Build.0 = Release|Any CPU
	EndGlobalSection
	GlobalSection(SolutionProperties) = preSolution
		HideSolutionNode = FALSE
	EndGlobalSection
	GlobalSection(ExtensibilityGlobals) = postSolution
		SolutionGuid = {4ABA002F-B699-469A-9460-0D15AB35189C}
	EndGlobalSection
EndGlobal
