
Microsoft Visual Studio Solution File, Format Version 12.00
# Visual Studio Version 17
VisualStudioVersion = 17.9.34622.214
MinimumVisualStudioVersion = 10.0.40219.1
Project("{FAE04EC0-301F-11D3-BF4B-00C04F79EFBC}") = "interface", "interface.csproj", "{6144C513-3F04-489D-850F-ECB679C3FF3B}"
EndProject
Global
	GlobalSection(SolutionConfigurationPlatforms) = preSolution
		Debug|Any CPU = Debug|Any CPU
		Release|Any CPU = Release|Any CPU
	EndGlobalSection
	GlobalSection(ProjectConfigurationPlatforms) = postSolution
		{6144C513-3F04-489D-850F-ECB679C3FF3B}.Debug|Any CPU.ActiveCfg = Debug|Any CPU
		{6144C513-3F04-489D-850F-ECB679C3FF3B}.Debug|Any CPU.Build.0 = Debug|Any CPU
		{6144C513-3F04-489D-850F-ECB679C3FF3B}.Release|Any CPU.ActiveCfg = Release|Any CPU
		{6144C513-3F04-489D-850F-ECB679C3FF3B}.Release|Any CPU.Build.0 = Release|Any CPU
	EndGlobalSection
	GlobalSection(SolutionProperties) = preSolution
		HideSolutionNode = FALSE
	EndGlobalSection
	GlobalSection(ExtensibilityGlobals) = postSolution
		SolutionGuid = {A189D571-968D-4D2F-9711-88BB008069E2}
	EndGlobalSection
EndGlobal
