
Microsoft Visual Studio Solution File, Format Version 12.00
# Visual Studio Version 17
VisualStudioVersion = 17.9.34622.214
MinimumVisualStudioVersion = 10.0.40219.1
Project("{FAE04EC0-301F-11D3-BF4B-00C04F79EFBC}") = "countViewState", "countViewState.csproj", "{304EB6AA-89EA-41B3-9545-7B06C489493B}"
EndProject
Global
	GlobalSection(SolutionConfigurationPlatforms) = preSolution
		Debug|Any CPU = Debug|Any CPU
		Release|Any CPU = Release|Any CPU
	EndGlobalSection
	GlobalSection(ProjectConfigurationPlatforms) = postSolution
		{304EB6AA-89EA-41B3-9545-7B06C489493B}.Debug|Any CPU.ActiveCfg = Debug|Any CPU
		{304EB6AA-89EA-41B3-9545-7B06C489493B}.Debug|Any CPU.Build.0 = Debug|Any CPU
		{304EB6AA-89EA-41B3-9545-7B06C489493B}.Release|Any CPU.ActiveCfg = Release|Any CPU
		{304EB6AA-89EA-41B3-9545-7B06C489493B}.Release|Any CPU.Build.0 = Release|Any CPU
	EndGlobalSection
	GlobalSection(SolutionProperties) = preSolution
		HideSolutionNode = FALSE
	EndGlobalSection
	GlobalSection(ExtensibilityGlobals) = postSolution
		SolutionGuid = {5D74B0FC-BEA1-4C41-AD2B-AC0E9AF4B6B4}
	EndGlobalSection
EndGlobal
