
Microsoft Visual Studio Solution File, Format Version 12.00
# Visual Studio Version 17
VisualStudioVersion = 17.9.34622.214
MinimumVisualStudioVersion = 10.0.40219.1
Project("{FAE04EC0-301F-11D3-BF4B-00C04F79EFBC}") = "polymorphism", "polymorphism.csproj", "{29B99AA1-A6CB-4B39-9C93-7A8AB85B4DC0}"
EndProject
Global
	GlobalSection(SolutionConfigurationPlatforms) = preSolution
		Debug|Any CPU = Debug|Any CPU
		Release|Any CPU = Release|Any CPU
	EndGlobalSection
	GlobalSection(ProjectConfigurationPlatforms) = postSolution
		{29B99AA1-A6CB-4B39-9C93-7A8AB85B4DC0}.Debug|Any CPU.ActiveCfg = Debug|Any CPU
		{29B99AA1-A6CB-4B39-9C93-7A8AB85B4DC0}.Debug|Any CPU.Build.0 = Debug|Any CPU
		{29B99AA1-A6CB-4B39-9C93-7A8AB85B4DC0}.Release|Any CPU.ActiveCfg = Release|Any CPU
		{29B99AA1-A6CB-4B39-9C93-7A8AB85B4DC0}.Release|Any CPU.Build.0 = Release|Any CPU
	EndGlobalSection
	GlobalSection(SolutionProperties) = preSolution
		HideSolutionNode = FALSE
	EndGlobalSection
	GlobalSection(ExtensibilityGlobals) = postSolution
		SolutionGuid = {E51C7179-7C83-415F-953C-F4086E32776C}
	EndGlobalSection
EndGlobal
